
Microsoft Visual Studio Solution File, Format Version 12.00
# Visual Studio Version 17
VisualStudioVersion = 17.2.32630.192
MinimumVisualStudioVersion = 10.0.40219.1
Project("{FAE04EC0-301F-11D3-BF4B-00C04F79EFBC}") = "NoAutoExposure", "NoAutoExposure\NoAutoExposure.csproj", "{90494D18-CEC3-4A1A-8E7D-6AC9CB1AB78E}"
EndProject
Global
	GlobalSection(SolutionConfigurationPlatforms) = preSolution
		Debug|Any CPU = Debug|Any CPU
		Release|Any CPU = Release|Any CPU
	EndGlobalSection
	GlobalSection(ProjectConfigurationPlatforms) = postSolution
		{90494D18-CEC3-4A1A-8E7D-6AC9CB1AB78E}.Debug|Any CPU.ActiveCfg = Debug|Any CPU
		{90494D18-CEC3-4A1A-8E7D-6AC9CB1AB78E}.Debug|Any CPU.Build.0 = Debug|Any CPU
		{90494D18-CEC3-4A1A-8E7D-6AC9CB1AB78E}.Release|Any CPU.ActiveCfg = Release|Any CPU
		{90494D18-CEC3-4A1A-8E7D-6AC9CB1AB78E}.Release|Any CPU.Build.0 = Release|Any CPU
	EndGlobalSection
	GlobalSection(SolutionProperties) = preSolution
		HideSolutionNode = FALSE
	EndGlobalSection
	GlobalSection(ExtensibilityGlobals) = postSolution
		SolutionGuid = {2F9815D9-4117-4F0E-89A6-9F5C1BC71CDD}
	EndGlobalSection
EndGlobal
